
Microsoft Visual Studio Solution File, Format Version 12.00
# Visual Studio Version 17
VisualStudioVersion = 17.6.33815.320
MinimumVisualStudioVersion = 10.0.40219.1
Project("{FAE04EC0-301F-11D3-BF4B-00C04F79EFBC}") = "ParalelAsync", "ParalelAsync\ParalelAsync.csproj", "{775E3D3F-D81E-4B63-A4E0-5D07CBA3BC3B}"
EndProject
Global
	GlobalSection(SolutionConfigurationPlatforms) = preSolution
		Debug|Any CPU = Debug|Any CPU
		Release|Any CPU = Release|Any CPU
	EndGlobalSection
	GlobalSection(ProjectConfigurationPlatforms) = postSolution
		{775E3D3F-D81E-4B63-A4E0-5D07CBA3BC3B}.Debug|Any CPU.ActiveCfg = Debug|Any CPU
		{775E3D3F-D81E-4B63-A4E0-5D07CBA3BC3B}.Debug|Any CPU.Build.0 = Debug|Any CPU
		{775E3D3F-D81E-4B63-A4E0-5D07CBA3BC3B}.Release|Any CPU.ActiveCfg = Release|Any CPU
		{775E3D3F-D81E-4B63-A4E0-5D07CBA3BC3B}.Release|Any CPU.Build.0 = Release|Any CPU
	EndGlobalSection
	GlobalSection(SolutionProperties) = preSolution
		HideSolutionNode = FALSE
	EndGlobalSection
	GlobalSection(ExtensibilityGlobals) = postSolution
		SolutionGuid = {33F979A3-4EDD-4827-98DA-CDE5061314A3}
	EndGlobalSection
EndGlobal
